
Microsoft Visual Studio Solution File, Format Version 12.00
# Visual Studio Version 16
VisualStudioVersion = 16.0.30523.141
MinimumVisualStudioVersion = 10.0.40219.1
Project("{FAE04EC0-301F-11D3-BF4B-00C04F79EFBC}") = "Reverse Integer", "Reverse Integer\Reverse Integer.csproj", "{D46CF917-D6AF-4434-A921-C2025C1FF98E}"
EndProject
Global
	GlobalSection(SolutionConfigurationPlatforms) = preSolution
		Debug|Any CPU = Debug|Any CPU
		Release|Any CPU = Release|Any CPU
	EndGlobalSection
	GlobalSection(ProjectConfigurationPlatforms) = postSolution
		{D46CF917-D6AF-4434-A921-C2025C1FF98E}.Debug|Any CPU.ActiveCfg = Debug|Any CPU
		{D46CF917-D6AF-4434-A921-C2025C1FF98E}.Debug|Any CPU.Build.0 = Debug|Any CPU
		{D46CF917-D6AF-4434-A921-C2025C1FF98E}.Release|Any CPU.ActiveCfg = Release|Any CPU
		{D46CF917-D6AF-4434-A921-C2025C1FF98E}.Release|Any CPU.Build.0 = Release|Any CPU
	EndGlobalSection
	GlobalSection(SolutionProperties) = preSolution
		HideSolutionNode = FALSE
	EndGlobalSection
	GlobalSection(ExtensibilityGlobals) = postSolution
		SolutionGuid = {643D7443-AFA8-40B4-A098-478BA8991C00}
	EndGlobalSection
EndGlobal
