
Microsoft Visual Studio Solution File, Format Version 12.00
# Visual Studio Version 16
VisualStudioVersion = 16.0.30621.155
MinimumVisualStudioVersion = 10.0.40219.1
Project("{FAE04EC0-301F-11D3-BF4B-00C04F79EFBC}") = "Shapes", "Shapes\Shapes.csproj", "{B92BD50E-2AD9-4868-BE74-439F67D95879}"
EndProject
Global
	GlobalSection(SolutionConfigurationPlatforms) = preSolution
		Debug|Any CPU = Debug|Any CPU
		Release|Any CPU = Release|Any CPU
	EndGlobalSection
	GlobalSection(ProjectConfigurationPlatforms) = postSolution
		{B92BD50E-2AD9-4868-BE74-439F67D95879}.Debug|Any CPU.ActiveCfg = Debug|Any CPU
		{B92BD50E-2AD9-4868-BE74-439F67D95879}.Debug|Any CPU.Build.0 = Debug|Any CPU
		{B92BD50E-2AD9-4868-BE74-439F67D95879}.Release|Any CPU.ActiveCfg = Release|Any CPU
		{B92BD50E-2AD9-4868-BE74-439F67D95879}.Release|Any CPU.Build.0 = Release|Any CPU
	EndGlobalSection
	GlobalSection(SolutionProperties) = preSolution
		HideSolutionNode = FALSE
	EndGlobalSection
	GlobalSection(ExtensibilityGlobals) = postSolution
		SolutionGuid = {90B2C7F4-8742-4B51-BB73-F38837ADE983}
	EndGlobalSection
EndGlobal
